
Microsoft Visual Studio Solution File, Format Version 12.00
# Visual Studio Version 17
VisualStudioVersion = 17.0.31903.59
MinimumVisualStudioVersion = 10.0.40219.1
Project("{2150E333-8FDC-42A3-9474-1A3956D46DE8}") = "src", "src", "{D5AD9417-8C8F-4210-BDA9-0E72358CF234}"
EndProject
Project("{FAE04EC0-301F-11D3-BF4B-00C04F79EFBC}") = "nivwer.EntityMapSerializer", "src\nivwer.EntityMapSerializer\nivwer.EntityMapSerializer.csproj", "{F694933A-F30F-4C0E-AB93-B27F16C264EF}"
EndProject
Global
	GlobalSection(SolutionConfigurationPlatforms) = preSolution
		Debug|Any CPU = Debug|Any CPU
		Release|Any CPU = Release|Any CPU
	EndGlobalSection
	GlobalSection(SolutionProperties) = preSolution
		HideSolutionNode = FALSE
	EndGlobalSection
	GlobalSection(ProjectConfigurationPlatforms) = postSolution
		{F694933A-F30F-4C0E-AB93-B27F16C264EF}.Debug|Any CPU.ActiveCfg = Debug|Any CPU
		{F694933A-F30F-4C0E-AB93-B27F16C264EF}.Debug|Any CPU.Build.0 = Debug|Any CPU
		{F694933A-F30F-4C0E-AB93-B27F16C264EF}.Release|Any CPU.ActiveCfg = Release|Any CPU
		{F694933A-F30F-4C0E-AB93-B27F16C264EF}.Release|Any CPU.Build.0 = Release|Any CPU
	EndGlobalSection
	GlobalSection(NestedProjects) = preSolution
		{F694933A-F30F-4C0E-AB93-B27F16C264EF} = {D5AD9417-8C8F-4210-BDA9-0E72358CF234}
	EndGlobalSection
EndGlobal
